
Microsoft Visual Studio Solution File, Format Version 12.00
Project("{FAE04EC0-301F-11D3-BF4B-00C04F79EFBC}") = "Demo01_Startup", "Demo01_Startup\Demo01_Startup.csproj", "{42AFC9C5-AB6C-4DB7-94E3-C65677E7AE2B}"
EndProject
Project("{2150E333-8FDC-42A3-9474-1A3956D46DE8}") = "demo", "demo", "{E5112382-3BF8-4205-9602-E131EB0C4FEB}"
EndProject
Project("{2150E333-8FDC-42A3-9474-1A3956D46DE8}") = "other", "other", "{BAAA07F3-33F3-4654-BFBA-0D34B776B5F5}"
EndProject
Project("{FAE04EC0-301F-11D3-BF4B-00C04F79EFBC}") = "Demo02_DI", "Demo02_DI\Demo02_DI.csproj", "{850E78D2-C300-41C5-85E0-ADC728074898}"
EndProject
Project("{FAE04EC0-301F-11D3-BF4B-00C04F79EFBC}") = "Demo03_DIScope", "Demo03_DIScope\Demo03_DIScope.csproj", "{0F760B06-6E32-4CED-B572-82C4F6A6F7ED}"
EndProject
Project("{FAE04EC0-301F-11D3-BF4B-00C04F79EFBC}") = "Demo04_Autofac", "Demo04_Autofac\Demo04_Autofac.csproj", "{93399E76-A673-4D71-A34F-F26AB1324277}"
EndProject
Project("{FAE04EC0-301F-11D3-BF4B-00C04F79EFBC}") = "Demo05_Configuration", "Demo05_Configuration\Demo05_Configuration.csproj", "{4E9C6731-99B5-4BCA-9664-C955B4891BF3}"
EndProject
Project("{FAE04EC0-301F-11D3-BF4B-00C04F79EFBC}") = "Demo06_ConfigurationCommandLine", "Demo06_ConfigurationCommandLine\Demo06_ConfigurationCommandLine.csproj", "{FCF2C1CE-B799-4240-9F1F-41352002832F}"
EndProject
Project("{FAE04EC0-301F-11D3-BF4B-00C04F79EFBC}") = "Demo07_ConfigurationEnvironment", "Demo07_ConfigurationEnvironment\Demo07_ConfigurationEnvironment.csproj", "{32AC49AB-907C-47F8-8CDF-E3C6F9160217}"
EndProject
Project("{FAE04EC0-301F-11D3-BF4B-00C04F79EFBC}") = "Demo08_JsonConfiguration", "Demo08_JsonConfiguration\Demo08_JsonConfiguration.csproj", "{793A3971-24AD-4FF5-833F-5E839077606D}"
EndProject
Project("{FAE04EC0-301F-11D3-BF4B-00C04F79EFBC}") = "Demo09_ConfigurationChangeToken", "Demo09_ConfigurationChangeToken\Demo09_ConfigurationChangeToken.csproj", "{59F3F15C-A6CE-48DE-9A00-D6BC5DA95E5B}"
EndProject
Project("{FAE04EC0-301F-11D3-BF4B-00C04F79EFBC}") = "Demo10_Configuration_ModelBind", "Demo10_Configuration_ModelBind\Demo10_Configuration_ModelBind.csproj", "{B2E1C18A-948B-447A-9C28-2A6FF4F6D483}"
EndProject
Project("{FAE04EC0-301F-11D3-BF4B-00C04F79EFBC}") = "Demo11_ConfigurationExtension", "Demo11_ConfigurationExtension\Demo11_ConfigurationExtension.csproj", "{E5F3EEBE-236E-4E16-A0F2-F70FFFB5CF1C}"
EndProject
Project("{FAE04EC0-301F-11D3-BF4B-00C04F79EFBC}") = "Demo12_Options", "Demo12_Options\Demo12_Options.csproj", "{F0DE742A-FDFA-43AC-9E71-E0DAD3998FA8}"
EndProject
Global
	GlobalSection(SolutionConfigurationPlatforms) = preSolution
		Debug|Any CPU = Debug|Any CPU
		Release|Any CPU = Release|Any CPU
	EndGlobalSection
	GlobalSection(ProjectConfigurationPlatforms) = postSolution
		{42AFC9C5-AB6C-4DB7-94E3-C65677E7AE2B}.Debug|Any CPU.ActiveCfg = Debug|Any CPU
		{42AFC9C5-AB6C-4DB7-94E3-C65677E7AE2B}.Debug|Any CPU.Build.0 = Debug|Any CPU
		{42AFC9C5-AB6C-4DB7-94E3-C65677E7AE2B}.Release|Any CPU.ActiveCfg = Release|Any CPU
		{42AFC9C5-AB6C-4DB7-94E3-C65677E7AE2B}.Release|Any CPU.Build.0 = Release|Any CPU
		{850E78D2-C300-41C5-85E0-ADC728074898}.Debug|Any CPU.ActiveCfg = Debug|Any CPU
		{850E78D2-C300-41C5-85E0-ADC728074898}.Debug|Any CPU.Build.0 = Debug|Any CPU
		{850E78D2-C300-41C5-85E0-ADC728074898}.Release|Any CPU.ActiveCfg = Release|Any CPU
		{850E78D2-C300-41C5-85E0-ADC728074898}.Release|Any CPU.Build.0 = Release|Any CPU
		{0F760B06-6E32-4CED-B572-82C4F6A6F7ED}.Debug|Any CPU.ActiveCfg = Debug|Any CPU
		{0F760B06-6E32-4CED-B572-82C4F6A6F7ED}.Debug|Any CPU.Build.0 = Debug|Any CPU
		{0F760B06-6E32-4CED-B572-82C4F6A6F7ED}.Release|Any CPU.ActiveCfg = Release|Any CPU
		{0F760B06-6E32-4CED-B572-82C4F6A6F7ED}.Release|Any CPU.Build.0 = Release|Any CPU
		{93399E76-A673-4D71-A34F-F26AB1324277}.Debug|Any CPU.ActiveCfg = Debug|Any CPU
		{93399E76-A673-4D71-A34F-F26AB1324277}.Debug|Any CPU.Build.0 = Debug|Any CPU
		{93399E76-A673-4D71-A34F-F26AB1324277}.Release|Any CPU.ActiveCfg = Release|Any CPU
		{93399E76-A673-4D71-A34F-F26AB1324277}.Release|Any CPU.Build.0 = Release|Any CPU
		{4E9C6731-99B5-4BCA-9664-C955B4891BF3}.Debug|Any CPU.ActiveCfg = Debug|Any CPU
		{4E9C6731-99B5-4BCA-9664-C955B4891BF3}.Debug|Any CPU.Build.0 = Debug|Any CPU
		{4E9C6731-99B5-4BCA-9664-C955B4891BF3}.Release|Any CPU.ActiveCfg = Release|Any CPU
		{4E9C6731-99B5-4BCA-9664-C955B4891BF3}.Release|Any CPU.Build.0 = Release|Any CPU
		{FCF2C1CE-B799-4240-9F1F-41352002832F}.Debug|Any CPU.ActiveCfg = Debug|Any CPU
		{FCF2C1CE-B799-4240-9F1F-41352002832F}.Debug|Any CPU.Build.0 = Debug|Any CPU
		{FCF2C1CE-B799-4240-9F1F-41352002832F}.Release|Any CPU.ActiveCfg = Release|Any CPU
		{FCF2C1CE-B799-4240-9F1F-41352002832F}.Release|Any CPU.Build.0 = Release|Any CPU
		{32AC49AB-907C-47F8-8CDF-E3C6F9160217}.Debug|Any CPU.ActiveCfg = Debug|Any CPU
		{32AC49AB-907C-47F8-8CDF-E3C6F9160217}.Debug|Any CPU.Build.0 = Debug|Any CPU
		{32AC49AB-907C-47F8-8CDF-E3C6F9160217}.Release|Any CPU.ActiveCfg = Release|Any CPU
		{32AC49AB-907C-47F8-8CDF-E3C6F9160217}.Release|Any CPU.Build.0 = Release|Any CPU
		{793A3971-24AD-4FF5-833F-5E839077606D}.Debug|Any CPU.ActiveCfg = Debug|Any CPU
		{793A3971-24AD-4FF5-833F-5E839077606D}.Debug|Any CPU.Build.0 = Debug|Any CPU
		{793A3971-24AD-4FF5-833F-5E839077606D}.Release|Any CPU.ActiveCfg = Release|Any CPU
		{793A3971-24AD-4FF5-833F-5E839077606D}.Release|Any CPU.Build.0 = Release|Any CPU
		{59F3F15C-A6CE-48DE-9A00-D6BC5DA95E5B}.Debug|Any CPU.ActiveCfg = Debug|Any CPU
		{59F3F15C-A6CE-48DE-9A00-D6BC5DA95E5B}.Debug|Any CPU.Build.0 = Debug|Any CPU
		{59F3F15C-A6CE-48DE-9A00-D6BC5DA95E5B}.Release|Any CPU.ActiveCfg = Release|Any CPU
		{59F3F15C-A6CE-48DE-9A00-D6BC5DA95E5B}.Release|Any CPU.Build.0 = Release|Any CPU
		{B2E1C18A-948B-447A-9C28-2A6FF4F6D483}.Debug|Any CPU.ActiveCfg = Debug|Any CPU
		{B2E1C18A-948B-447A-9C28-2A6FF4F6D483}.Debug|Any CPU.Build.0 = Debug|Any CPU
		{B2E1C18A-948B-447A-9C28-2A6FF4F6D483}.Release|Any CPU.ActiveCfg = Release|Any CPU
		{B2E1C18A-948B-447A-9C28-2A6FF4F6D483}.Release|Any CPU.Build.0 = Release|Any CPU
		{E5F3EEBE-236E-4E16-A0F2-F70FFFB5CF1C}.Debug|Any CPU.ActiveCfg = Debug|Any CPU
		{E5F3EEBE-236E-4E16-A0F2-F70FFFB5CF1C}.Debug|Any CPU.Build.0 = Debug|Any CPU
		{E5F3EEBE-236E-4E16-A0F2-F70FFFB5CF1C}.Release|Any CPU.ActiveCfg = Release|Any CPU
		{E5F3EEBE-236E-4E16-A0F2-F70FFFB5CF1C}.Release|Any CPU.Build.0 = Release|Any CPU
		{F0DE742A-FDFA-43AC-9E71-E0DAD3998FA8}.Debug|Any CPU.ActiveCfg = Debug|Any CPU
		{F0DE742A-FDFA-43AC-9E71-E0DAD3998FA8}.Debug|Any CPU.Build.0 = Debug|Any CPU
		{F0DE742A-FDFA-43AC-9E71-E0DAD3998FA8}.Release|Any CPU.ActiveCfg = Release|Any CPU
		{F0DE742A-FDFA-43AC-9E71-E0DAD3998FA8}.Release|Any CPU.Build.0 = Release|Any CPU
	EndGlobalSection
	GlobalSection(NestedProjects) = preSolution
		{42AFC9C5-AB6C-4DB7-94E3-C65677E7AE2B} = {E5112382-3BF8-4205-9602-E131EB0C4FEB}
		{850E78D2-C300-41C5-85E0-ADC728074898} = {E5112382-3BF8-4205-9602-E131EB0C4FEB}
		{0F760B06-6E32-4CED-B572-82C4F6A6F7ED} = {E5112382-3BF8-4205-9602-E131EB0C4FEB}
		{93399E76-A673-4D71-A34F-F26AB1324277} = {E5112382-3BF8-4205-9602-E131EB0C4FEB}
		{4E9C6731-99B5-4BCA-9664-C955B4891BF3} = {E5112382-3BF8-4205-9602-E131EB0C4FEB}
		{FCF2C1CE-B799-4240-9F1F-41352002832F} = {E5112382-3BF8-4205-9602-E131EB0C4FEB}
		{32AC49AB-907C-47F8-8CDF-E3C6F9160217} = {E5112382-3BF8-4205-9602-E131EB0C4FEB}
		{793A3971-24AD-4FF5-833F-5E839077606D} = {E5112382-3BF8-4205-9602-E131EB0C4FEB}
		{59F3F15C-A6CE-48DE-9A00-D6BC5DA95E5B} = {E5112382-3BF8-4205-9602-E131EB0C4FEB}
		{B2E1C18A-948B-447A-9C28-2A6FF4F6D483} = {E5112382-3BF8-4205-9602-E131EB0C4FEB}
		{E5F3EEBE-236E-4E16-A0F2-F70FFFB5CF1C} = {E5112382-3BF8-4205-9602-E131EB0C4FEB}
		{F0DE742A-FDFA-43AC-9E71-E0DAD3998FA8} = {E5112382-3BF8-4205-9602-E131EB0C4FEB}
	EndGlobalSection
EndGlobal
