
Microsoft Visual Studio Solution File, Format Version 12.00
Project("{FAE04EC0-301F-11D3-BF4B-00C04F79EFBC}") = "Demo01_Startup", "Demo01_Startup\Demo01_Startup.csproj", "{42AFC9C5-AB6C-4DB7-94E3-C65677E7AE2B}"
EndProject
Project("{2150E333-8FDC-42A3-9474-1A3956D46DE8}") = "demo", "demo", "{E5112382-3BF8-4205-9602-E131EB0C4FEB}"
EndProject
Project("{2150E333-8FDC-42A3-9474-1A3956D46DE8}") = "other", "other", "{BAAA07F3-33F3-4654-BFBA-0D34B776B5F5}"
EndProject
Project("{FAE04EC0-301F-11D3-BF4B-00C04F79EFBC}") = "Demo02_DI", "Demo02_DI\Demo02_DI.csproj", "{850E78D2-C300-41C5-85E0-ADC728074898}"
EndProject
Global
	GlobalSection(SolutionConfigurationPlatforms) = preSolution
		Debug|Any CPU = Debug|Any CPU
		Release|Any CPU = Release|Any CPU
	EndGlobalSection
	GlobalSection(ProjectConfigurationPlatforms) = postSolution
		{42AFC9C5-AB6C-4DB7-94E3-C65677E7AE2B}.Debug|Any CPU.ActiveCfg = Debug|Any CPU
		{42AFC9C5-AB6C-4DB7-94E3-C65677E7AE2B}.Debug|Any CPU.Build.0 = Debug|Any CPU
		{42AFC9C5-AB6C-4DB7-94E3-C65677E7AE2B}.Release|Any CPU.ActiveCfg = Release|Any CPU
		{42AFC9C5-AB6C-4DB7-94E3-C65677E7AE2B}.Release|Any CPU.Build.0 = Release|Any CPU
		{850E78D2-C300-41C5-85E0-ADC728074898}.Debug|Any CPU.ActiveCfg = Debug|Any CPU
		{850E78D2-C300-41C5-85E0-ADC728074898}.Debug|Any CPU.Build.0 = Debug|Any CPU
		{850E78D2-C300-41C5-85E0-ADC728074898}.Release|Any CPU.ActiveCfg = Release|Any CPU
		{850E78D2-C300-41C5-85E0-ADC728074898}.Release|Any CPU.Build.0 = Release|Any CPU
	EndGlobalSection
	GlobalSection(NestedProjects) = preSolution
		{42AFC9C5-AB6C-4DB7-94E3-C65677E7AE2B} = {E5112382-3BF8-4205-9602-E131EB0C4FEB}
		{850E78D2-C300-41C5-85E0-ADC728074898} = {E5112382-3BF8-4205-9602-E131EB0C4FEB}
	EndGlobalSection
EndGlobal
